<Solution>
  <Folder Name="/Solution Items/">
    <File Path=".editorconfig" />
    <File Path="Directory.Build.props" />
    <File Path="Directory.Packages.props" />
    <File Path="global.json" />
    <File Path="nuget.config" />
  </Folder>
  <Project Path="FylumDeploy.AppHost/FylumDeploy.AppHost.csproj" />
  <Project Path="FylumDeploy.GitHubStatusUpdate/FylumDeploy.GitHubStatusUpdate.csproj" />
  <Project Path="FylumDeploy.MessagingModels/FylumDeploy.MessagingModels.csproj" Id="d6117f35-d543-4c67-b89e-10500d962ed6" />
  <Project Path="FylumDeploy.ServiceDefaults/FylumDeploy.ServiceDefaults.csproj" />
  <Project Path="FylumDeploy.Webhook/FylumDeploy.Webhook.csproj" />
</Solution>
