<Solution>
  <Folder Name="/Solution Items/">
    <File Path=".editorconfig" />
    <File Path="Directory.Build.props" />
    <File Path="Directory.Packages.props" />
    <File Path="global.json" />
    <File Path="nuget.config" />
  </Folder>
  <Project Path="FylumDeploy.AppHost/FylumDeploy.AppHost.csproj" />
  <Project Path="FylumDeploy.ComposeBuilder/FylumDeploy.ComposeBuilder.csproj" />
  <Project Path="FylumDeploy.GitHubStatusUpdate/FylumDeploy.GitHubStatusUpdate.csproj" />
  <Project Path="FylumDeploy.RabbitMqShared/FylumDeploy.RabbitMqShared.csproj" Id="3e222aac-5c49-48cd-9b5a-bd194c455152" />
  <Project Path="FylumDeploy.ServiceDefaults/FylumDeploy.ServiceDefaults.csproj" />
  <Project Path="FylumDeploy.Webhook/FylumDeploy.Webhook.csproj" />
</Solution>
